// !$*UTF8*$!
{
	archiveVersion = 1;
	classes = {
	};
	objectVersion = 46;
	objects = {

/* Begin PBXBuildFile section */
		14DABC391AD9AFF7006BC314 /* AssetsLibrary.framework in Frameworks */ = {isa = PBXBuildFile; fileRef = 14DABC381AD9AFF7006BC314 /* AssetsLibrary.framework */; };
		14DABC3B1AD9B00C006BC314 /* SystemConfiguration.framework in Frameworks */ = {isa = PBXBuildFile; fileRef = 14DABC3A1AD9B00C006BC314 /* SystemConfiguration.framework */; };
		14DABC3D1AD9B01D006BC314 /* UIKit.framework in Frameworks */ = {isa = PBXBuildFile; fileRef = 14DABC3C1AD9B01D006BC314 /* UIKit.framework */; };
		14DABC3F1AD9B02D006BC314 /* Foundation.framework in Frameworks */ = {isa = PBXBuildFile; fileRef = 14DABC3E1AD9B02D006BC314 /* Foundation.framework */; };
		14DABC411AD9B036006BC314 /* CoreGraphics.framework in Frameworks */ = {isa = PBXBuildFile; fileRef = 14DABC401AD9B036006BC314 /* CoreGraphics.framework */; };
		14DABC4C1AD9B3A6006BC314 /* libFlickrKit.a in Frameworks */ = {isa = PBXBuildFile; fileRef = 14DABC471AD9B198006BC314 /* libFlickrKit.a */; };
		14DABC521AD9B454006BC314 /* FKAuthViewController.m in Sources */ = {isa = PBXBuildFile; fileRef = 14DABC501AD9B454006BC314 /* FKAuthViewController.m */; };
		14DABC531AD9B454006BC314 /* FKAuthViewController.xib in Resources */ = {isa = PBXBuildFile; fileRef = 14DABC511AD9B454006BC314 /* FKAuthViewController.xib */; };
		14DABC5A1ADA46FA006BC314 /* FKPhotosViewController.m in Sources */ = {isa = PBXBuildFile; fileRef = 14DABC581ADA46FA006BC314 /* FKPhotosViewController.m */; };
		14DABC5B1ADA46FA006BC314 /* FKPhotosViewController.xib in Resources */ = {isa = PBXBuildFile; fileRef = 14DABC591ADA46FA006BC314 /* FKPhotosViewController.xib */; };
		14FA33C71AD8E30C00A86F59 /* main.m in Sources */ = {isa = PBXBuildFile; fileRef = 14FA33C61AD8E30C00A86F59 /* main.m */; };
		14FA33CA1AD8E30C00A86F59 /* AppDelegate.m in Sources */ = {isa = PBXBuildFile; fileRef = 14FA33C91AD8E30C00A86F59 /* AppDelegate.m */; };
		14FA33CD1AD8E30C00A86F59 /* ViewController.m in Sources */ = {isa = PBXBuildFile; fileRef = 14FA33CC1AD8E30C00A86F59 /* ViewController.m */; };
		14FA33D01AD8E30C00A86F59 /* Main.storyboard in Resources */ = {isa = PBXBuildFile; fileRef = 14FA33CE1AD8E30C00A86F59 /* Main.storyboard */; };
		14FA33D21AD8E30C00A86F59 /* Images.xcassets in Resources */ = {isa = PBXBuildFile; fileRef = 14FA33D11AD8E30C00A86F59 /* Images.xcassets */; };
		14FA33D51AD8E30C00A86F59 /* LaunchScreen.xib in Resources */ = {isa = PBXBuildFile; fileRef = 14FA33D31AD8E30C00A86F59 /* LaunchScreen.xib */; };
		14FA33E11AD8E30C00A86F59 /* FlickrDisplayTests.m in Sources */ = {isa = PBXBuildFile; fileRef = 14FA33E01AD8E30C00A86F59 /* FlickrDisplayTests.m */; };
/* End PBXBuildFile section */

/* Begin PBXContainerItemProxy section */
		14DABC461AD9B198006BC314 /* PBXContainerItemProxy */ = {
			isa = PBXContainerItemProxy;
			containerPortal = 14DABC2E1AD9AC75006BC314 /* FlickrKit.xcodeproj */;
			proxyType = 2;
			remoteGlobalIDString = 552D918C1753F8EF00BE3FEA;
			remoteInfo = FlickrKit;
		};
		14DABC481AD9B198006BC314 /* PBXContainerItemProxy */ = {
			isa = PBXContainerItemProxy;
			containerPortal = 14DABC2E1AD9AC75006BC314 /* FlickrKit.xcodeproj */;
			proxyType = 2;
			remoteGlobalIDString = 552D919A1753F8F000BE3FEA;
			remoteInfo = FlickrKitTests;
		};
		14FA33DB1AD8E30C00A86F59 /* PBXContainerItemProxy */ = {
			isa = PBXContainerItemProxy;
			containerPortal = 14FA33B91AD8E30C00A86F59 /* Project object */;
			proxyType = 1;
			remoteGlobalIDString = 14FA33C01AD8E30C00A86F59;
			remoteInfo = FlickrDisplay;
		};
/* End PBXContainerItemProxy section */

/* Begin PBXFileReference section */
		14DABC2E1AD9AC75006BC314 /* FlickrKit.xcodeproj */ = {isa = PBXFileReference; lastKnownFileType = "wrapper.pb-project"; name = FlickrKit.xcodeproj; path = ../FlickrKit/FlickrKit.xcodeproj; sourceTree = "<group>"; };
		14DABC381AD9AFF7006BC314 /* AssetsLibrary.framework */ = {isa = PBXFileReference; lastKnownFileType = wrapper.framework; name = AssetsLibrary.framework; path = System/Library/Frameworks/AssetsLibrary.framework; sourceTree = SDKROOT; };
		14DABC3A1AD9B00C006BC314 /* SystemConfiguration.framework */ = {isa = PBXFileReference; lastKnownFileType = wrapper.framework; name = SystemConfiguration.framework; path = System/Library/Frameworks/SystemConfiguration.framework; sourceTree = SDKROOT; };
		14DABC3C1AD9B01D006BC314 /* UIKit.framework */ = {isa = PBXFileReference; lastKnownFileType = wrapper.framework; name = UIKit.framework; path = System/Library/Frameworks/UIKit.framework; sourceTree = SDKROOT; };
		14DABC3E1AD9B02D006BC314 /* Foundation.framework */ = {isa = PBXFileReference; lastKnownFileType = wrapper.framework; name = Foundation.framework; path = System/Library/Frameworks/Foundation.framework; sourceTree = SDKROOT; };
		14DABC401AD9B036006BC314 /* CoreGraphics.framework */ = {isa = PBXFileReference; lastKnownFileType = wrapper.framework; name = CoreGraphics.framework; path = System/Library/Frameworks/CoreGraphics.framework; sourceTree = SDKROOT; };
		14DABC4F1AD9B454006BC314 /* FKAuthViewController.h */ = {isa = PBXFileReference; fileEncoding = 4; lastKnownFileType = sourcecode.c.h; name = FKAuthViewController.h; path = Auth/FKAuthViewController.h; sourceTree = "<group>"; };
		14DABC501AD9B454006BC314 /* FKAuthViewController.m */ = {isa = PBXFileReference; fileEncoding = 4; lastKnownFileType = sourcecode.c.objc; name = FKAuthViewController.m; path = Auth/FKAuthViewController.m; sourceTree = "<group>"; };
		14DABC511AD9B454006BC314 /* FKAuthViewController.xib */ = {isa = PBXFileReference; fileEncoding = 4; lastKnownFileType = file.xib; name = FKAuthViewController.xib; path = Auth/FKAuthViewController.xib; sourceTree = "<group>"; };
		14DABC571ADA46FA006BC314 /* FKPhotosViewController.h */ = {isa = PBXFileReference; fileEncoding = 4; lastKnownFileType = sourcecode.c.h; name = FKPhotosViewController.h; path = Show/FKPhotosViewController.h; sourceTree = "<group>"; };
		14DABC581ADA46FA006BC314 /* FKPhotosViewController.m */ = {isa = PBXFileReference; fileEncoding = 4; lastKnownFileType = sourcecode.c.objc; name = FKPhotosViewController.m; path = Show/FKPhotosViewController.m; sourceTree = "<group>"; };
		14DABC591ADA46FA006BC314 /* FKPhotosViewController.xib */ = {isa = PBXFileReference; fileEncoding = 4; lastKnownFileType = file.xib; name = FKPhotosViewController.xib; path = Show/FKPhotosViewController.xib; sourceTree = "<group>"; };
		14FA33C11AD8E30C00A86F59 /* FlickrDisplay.app */ = {isa = PBXFileReference; explicitFileType = wrapper.application; includeInIndex = 0; path = FlickrDisplay.app; sourceTree = BUILT_PRODUCTS_DIR; };
		14FA33C51AD8E30C00A86F59 /* Info.plist */ = {isa = PBXFileReference; lastKnownFileType = text.plist.xml; path = Info.plist; sourceTree = "<group>"; };
		14FA33C61AD8E30C00A86F59 /* main.m */ = {isa = PBXFileReference; lastKnownFileType = sourcecode.c.objc; path = main.m; sourceTree = "<group>"; };
		14FA33C81AD8E30C00A86F59 /* AppDelegate.h */ = {isa = PBXFileReference; lastKnownFileType = sourcecode.c.h; path = AppDelegate.h; sourceTree = "<group>"; };
		14FA33C91AD8E30C00A86F59 /* AppDelegate.m */ = {isa = PBXFileReference; lastKnownFileType = sourcecode.c.objc; path = AppDelegate.m; sourceTree = "<group>"; };
		14FA33CB1AD8E30C00A86F59 /* ViewController.h */ = {isa = PBXFileReference; lastKnownFileType = sourcecode.c.h; path = ViewController.h; sourceTree = "<group>"; };
		14FA33CC1AD8E30C00A86F59 /* ViewController.m */ = {isa = PBXFileReference; lastKnownFileType = sourcecode.c.objc; path = ViewController.m; sourceTree = "<group>"; };
		14FA33CF1AD8E30C00A86F59 /* Base */ = {isa = PBXFileReference; lastKnownFileType = file.storyboard; name = Base; path = Base.lproj/Main.storyboard; sourceTree = "<group>"; };
		14FA33D11AD8E30C00A86F59 /* Images.xcassets */ = {isa = PBXFileReference; lastKnownFileType = folder.assetcatalog; path = Images.xcassets; sourceTree = "<group>"; };
		14FA33D41AD8E30C00A86F59 /* Base */ = {isa = PBXFileReference; lastKnownFileType = file.xib; name = Base; path = Base.lproj/LaunchScreen.xib; sourceTree = "<group>"; };
		14FA33DA1AD8E30C00A86F59 /* FlickrDisplayTests.xctest */ = {isa = PBXFileReference; explicitFileType = wrapper.cfbundle; includeInIndex = 0; path = FlickrDisplayTests.xctest; sourceTree = BUILT_PRODUCTS_DIR; };
		14FA33DF1AD8E30C00A86F59 /* Info.plist */ = {isa = PBXFileReference; lastKnownFileType = text.plist.xml; path = Info.plist; sourceTree = "<group>"; };
		14FA33E01AD8E30C00A86F59 /* FlickrDisplayTests.m */ = {isa = PBXFileReference; lastKnownFileType = sourcecode.c.objc; path = FlickrDisplayTests.m; sourceTree = "<group>"; };
/* End PBXFileReference section */

/* Begin PBXFrameworksBuildPhase section */
		14FA33BE1AD8E30C00A86F59 /* Frameworks */ = {
			isa = PBXFrameworksBuildPhase;
			buildActionMask = 2147483647;
			files = (
				14DABC4C1AD9B3A6006BC314 /* libFlickrKit.a in Frameworks */,
				14DABC411AD9B036006BC314 /* CoreGraphics.framework in Frameworks */,
				14DABC3F1AD9B02D006BC314 /* Foundation.framework in Frameworks */,
				14DABC3D1AD9B01D006BC314 /* UIKit.framework in Frameworks */,
				14DABC3B1AD9B00C006BC314 /* SystemConfiguration.framework in Frameworks */,
				14DABC391AD9AFF7006BC314 /* AssetsLibrary.framework in Frameworks */,
			);
			runOnlyForDeploymentPostprocessing = 0;
		};
		14FA33D71AD8E30C00A86F59 /* Frameworks */ = {
			isa = PBXFrameworksBuildPhase;
			buildActionMask = 2147483647;
			files = (
			);
			runOnlyForDeploymentPostprocessing = 0;
		};
/* End PBXFrameworksBuildPhase section */

/* Begin PBXGroup section */
		14DABC421AD9B15B006BC314 /* Products */ = {
			isa = PBXGroup;
			children = (
				14DABC471AD9B198006BC314 /* libFlickrKit.a */,
				14DABC491AD9B198006BC314 /* FlickrKitTests.xctest */,
			);
			name = Products;
			sourceTree = "<group>";
		};
		14DABC541AD9B45D006BC314 /* Auth */ = {
			isa = PBXGroup;
			children = (
				14DABC4F1AD9B454006BC314 /* FKAuthViewController.h */,
				14DABC501AD9B454006BC314 /* FKAuthViewController.m */,
				14DABC511AD9B454006BC314 /* FKAuthViewController.xib */,
			);
			name = Auth;
			sourceTree = "<group>";
		};
		14DABC561ADA46E3006BC314 /* Show */ = {
			isa = PBXGroup;
			children = (
				14DABC571ADA46FA006BC314 /* FKPhotosViewController.h */,
				14DABC581ADA46FA006BC314 /* FKPhotosViewController.m */,
				14DABC591ADA46FA006BC314 /* FKPhotosViewController.xib */,
			);
			name = Show;
			sourceTree = "<group>";
		};
		14FA33B81AD8E30C00A86F59 = {
			isa = PBXGroup;
			children = (
				14FA33C31AD8E30C00A86F59 /* FlickrDisplay */,
				14FA33DD1AD8E30C00A86F59 /* FlickrDisplayTests */,
				14FA33C21AD8E30C00A86F59 /* Products */,
			);
			sourceTree = "<group>";
		};
		14FA33C21AD8E30C00A86F59 /* Products */ = {
			isa = PBXGroup;
			children = (
				14FA33C11AD8E30C00A86F59 /* FlickrDisplay.app */,
				14FA33DA1AD8E30C00A86F59 /* FlickrDisplayTests.xctest */,
			);
			name = Products;
			sourceTree = "<group>";
		};
		14FA33C31AD8E30C00A86F59 /* FlickrDisplay */ = {
			isa = PBXGroup;
			children = (
				14FA33C81AD8E30C00A86F59 /* AppDelegate.h */,
				14FA33C91AD8E30C00A86F59 /* AppDelegate.m */,
				14FA33CB1AD8E30C00A86F59 /* ViewController.h */,
				14FA33CC1AD8E30C00A86F59 /* ViewController.m */,
				14DABC541AD9B45D006BC314 /* Auth */,
				14DABC561ADA46E3006BC314 /* Show */,
				14FA33CE1AD8E30C00A86F59 /* Main.storyboard */,
				14FA33D11AD8E30C00A86F59 /* Images.xcassets */,
				14FA33D31AD8E30C00A86F59 /* LaunchScreen.xib */,
				14FA33C41AD8E30C00A86F59 /* Supporting Files */,
			);
			path = FlickrDisplay;
			sourceTree = "<group>";
		};
		14FA33C41AD8E30C00A86F59 /* Supporting Files */ = {
			isa = PBXGroup;
			children = (
				14DABC2E1AD9AC75006BC314 /* FlickrKit.xcodeproj */,
				14DABC401AD9B036006BC314 /* CoreGraphics.framework */,
				14DABC3E1AD9B02D006BC314 /* Foundation.framework */,
				14DABC3C1AD9B01D006BC314 /* UIKit.framework */,
				14DABC3A1AD9B00C006BC314 /* SystemConfiguration.framework */,
				14DABC381AD9AFF7006BC314 /* AssetsLibrary.framework */,
				14FA33C51AD8E30C00A86F59 /* Info.plist */,
				14FA33C61AD8E30C00A86F59 /* main.m */,
			);
			name = "Supporting Files";
			sourceTree = "<group>";
		};
		14FA33DD1AD8E30C00A86F59 /* FlickrDisplayTests */ = {
			isa = PBXGroup;
			children = (
				14FA33E01AD8E30C00A86F59 /* FlickrDisplayTests.m */,
				14FA33DE1AD8E30C00A86F59 /* Supporting Files */,
			);
			path = FlickrDisplayTests;
			sourceTree = "<group>";
		};
		14FA33DE1AD8E30C00A86F59 /* Supporting Files */ = {
			isa = PBXGroup;
			children = (
				14FA33DF1AD8E30C00A86F59 /* Info.plist */,
			);
			name = "Supporting Files";
			sourceTree = "<group>";
		};
/* End PBXGroup section */

/* Begin PBXNativeTarget section */
		14FA33C01AD8E30C00A86F59 /* FlickrDisplay */ = {
			isa = PBXNativeTarget;
			buildConfigurationList = 14FA33E41AD8E30C00A86F59 /* Build configuration list for PBXNativeTarget "FlickrDisplay" */;
			buildPhases = (
				14FA33BD1AD8E30C00A86F59 /* Sources */,
				14FA33BE1AD8E30C00A86F59 /* Frameworks */,
				14FA33BF1AD8E30C00A86F59 /* Resources */,
			);
			buildRules = (
			);
			dependencies = (
			);
			name = FlickrDisplay;
			productName = FlickrDisplay;
			productReference = 14FA33C11AD8E30C00A86F59 /* FlickrDisplay.app */;
			productType = "com.apple.product-type.application";
		};
		14FA33D91AD8E30C00A86F59 /* FlickrDisplayTests */ = {
			isa = PBXNativeTarget;
			buildConfigurationList = 14FA33E71AD8E30C00A86F59 /* Build configuration list for PBXNativeTarget "FlickrDisplayTests" */;
			buildPhases = (
				14FA33D61AD8E30C00A86F59 /* Sources */,
				14FA33D71AD8E30C00A86F59 /* Frameworks */,
				14FA33D81AD8E30C00A86F59 /* Resources */,
			);
			buildRules = (
			);
			dependencies = (
				14FA33DC1AD8E30C00A86F59 /* PBXTargetDependency */,
			);
			name = FlickrDisplayTests;
			productName = FlickrDisplayTests;
			productReference = 14FA33DA1AD8E30C00A86F59 /* FlickrDisplayTests.xctest */;
			productType = "com.apple.product-type.bundle.unit-test";
		};
/* End PBXNativeTarget section */

/* Begin PBXProject section */
		14FA33B91AD8E30C00A86F59 /* Project object */ = {
			isa = PBXProject;
			attributes = {
				LastUpgradeCheck = 0630;
				ORGANIZATIONNAME = "Corbin Miller";
				TargetAttributes = {
					14FA33C01AD8E30C00A86F59 = {
						CreatedOnToolsVersion = 6.3;
					};
					14FA33D91AD8E30C00A86F59 = {
						CreatedOnToolsVersion = 6.3;
						TestTargetID = 14FA33C01AD8E30C00A86F59;
					};
				};
			};
			buildConfigurationList = 14FA33BC1AD8E30C00A86F59 /* Build configuration list for PBXProject "FlickrDisplay" */;
			compatibilityVersion = "Xcode 3.2";
			developmentRegion = English;
			hasScannedForEncodings = 0;
			knownRegions = (
				en,
				Base,
			);
			mainGroup = 14FA33B81AD8E30C00A86F59;
			productRefGroup = 14FA33C21AD8E30C00A86F59 /* Products */;
			projectDirPath = "";
			projectReferences = (
				{
					ProductGroup = 14DABC421AD9B15B006BC314 /* Products */;
					ProjectRef = 14DABC2E1AD9AC75006BC314 /* FlickrKit.xcodeproj */;
				},
			);
			projectRoot = "";
			targets = (
				14FA33C01AD8E30C00A86F59 /* FlickrDisplay */,
				14FA33D91AD8E30C00A86F59 /* FlickrDisplayTests */,
			);
		};
/* End PBXProject section */

/* Begin PBXReferenceProxy section */
		14DABC471AD9B198006BC314 /* libFlickrKit.a */ = {
			isa = PBXReferenceProxy;
			fileType = archive.ar;
			path = libFlickrKit.a;
			remoteRef = 14DABC461AD9B198006BC314 /* PBXContainerItemProxy */;
			sourceTree = BUILT_PRODUCTS_DIR;
		};
		14DABC491AD9B198006BC314 /* FlickrKitTests.xctest */ = {
			isa = PBXReferenceProxy;
			fileType = wrapper.cfbundle;
			path = FlickrKitTests.xctest;
			remoteRef = 14DABC481AD9B198006BC314 /* PBXContainerItemProxy */;
			sourceTree = BUILT_PRODUCTS_DIR;
		};
/* End PBXReferenceProxy section */

/* Begin PBXResourcesBuildPhase section */
		14FA33BF1AD8E30C00A86F59 /* Resources */ = {
			isa = PBXResourcesBuildPhase;
			buildActionMask = 2147483647;
			files = (
				14DABC5B1ADA46FA006BC314 /* FKPhotosViewController.xib in Resources */,
				14FA33D01AD8E30C00A86F59 /* Main.storyboard in Resources */,
				14FA33D51AD8E30C00A86F59 /* LaunchScreen.xib in Resources */,
				14FA33D21AD8E30C00A86F59 /* Images.xcassets in Resources */,
				14DABC531AD9B454006BC314 /* FKAuthViewController.xib in Resources */,
			);
			runOnlyForDeploymentPostprocessing = 0;
		};
		14FA33D81AD8E30C00A86F59 /* Resources */ = {
			isa = PBXResourcesBuildPhase;
			buildActionMask = 2147483647;
			files = (
			);
			runOnlyForDeploymentPostprocessing = 0;
		};
/* End PBXResourcesBuildPhase section */

/* Begin PBXSourcesBuildPhase section */
		14FA33BD1AD8E30C00A86F59 /* Sources */ = {
			isa = PBXSourcesBuildPhase;
			buildActionMask = 2147483647;
			files = (
				14DABC521AD9B454006BC314 /* FKAuthViewController.m in Sources */,
				14FA33CD1AD8E30C00A86F59 /* ViewController.m in Sources */,
				14DABC5A1ADA46FA006BC314 /* FKPhotosViewController.m in Sources */,
				14FA33CA1AD8E30C00A86F59 /* AppDelegate.m in Sources */,
				14FA33C71AD8E30C00A86F59 /* main.m in Sources */,
			);
			runOnlyForDeploymentPostprocessing = 0;
		};
		14FA33D61AD8E30C00A86F59 /* Sources */ = {
			isa = PBXSourcesBuildPhase;
			buildActionMask = 2147483647;
			files = (
				14FA33E11AD8E30C00A86F59 /* FlickrDisplayTests.m in Sources */,
			);
			runOnlyForDeploymentPostprocessing = 0;
		};
/* End PBXSourcesBuildPhase section */

/* Begin PBXTargetDependency section */
		14FA33DC1AD8E30C00A86F59 /* PBXTargetDependency */ = {
			isa = PBXTargetDependency;
			target = 14FA33C01AD8E30C00A86F59 /* FlickrDisplay */;
			targetProxy = 14FA33DB1AD8E30C00A86F59 /* PBXContainerItemProxy */;
		};
/* End PBXTargetDependency section */

/* Begin PBXVariantGroup section */
		14FA33CE1AD8E30C00A86F59 /* Main.storyboard */ = {
			isa = PBXVariantGroup;
			children = (
				14FA33CF1AD8E30C00A86F59 /* Base */,
			);
			name = Main.storyboard;
			sourceTree = "<group>";
		};
		14FA33D31AD8E30C00A86F59 /* LaunchScreen.xib */ = {
			isa = PBXVariantGroup;
			children = (
				14FA33D41AD8E30C00A86F59 /* Base */,
			);
			name = LaunchScreen.xib;
			sourceTree = "<group>";
		};
/* End PBXVariantGroup section */

/* Begin XCBuildConfiguration section */
		14FA33E21AD8E30C00A86F59 /* Debug */ = {
			isa = XCBuildConfiguration;
			buildSettings = {
				ALWAYS_SEARCH_USER_PATHS = NO;
				CLANG_CXX_LANGUAGE_STANDARD = "gnu++0x";
				CLANG_CXX_LIBRARY = "libc++";
				CLANG_ENABLE_MODULES = YES;
				CLANG_ENABLE_OBJC_ARC = YES;
				CLANG_WARN_BOOL_CONVERSION = YES;
				CLANG_WARN_CONSTANT_CONVERSION = YES;
				CLANG_WARN_DIRECT_OBJC_ISA_USAGE = YES_ERROR;
				CLANG_WARN_EMPTY_BODY = YES;
				CLANG_WARN_ENUM_CONVERSION = YES;
				CLANG_WARN_INT_CONVERSION = YES;
				CLANG_WARN_OBJC_ROOT_CLASS = YES_ERROR;
				CLANG_WARN_UNREACHABLE_CODE = YES;
				CLANG_WARN__DUPLICATE_METHOD_MATCH = YES;
				"CODE_SIGN_IDENTITY[sdk=iphoneos*]" = "iPhone Developer";
				COPY_PHASE_STRIP = NO;
				DEBUG_INFORMATION_FORMAT = "dwarf-with-dsym";
				ENABLE_STRICT_OBJC_MSGSEND = YES;
				GCC_C_LANGUAGE_STANDARD = gnu99;
				GCC_DYNAMIC_NO_PIC = NO;
				GCC_NO_COMMON_BLOCKS = YES;
				GCC_OPTIMIZATION_LEVEL = 0;
				GCC_PREPROCESSOR_DEFINITIONS = (
					"DEBUG=1",
					"$(inherited)",
				);
				GCC_SYMBOLS_PRIVATE_EXTERN = NO;
				GCC_WARN_64_TO_32_BIT_CONVERSION = YES;
				GCC_WARN_ABOUT_RETURN_TYPE = YES_ERROR;
				GCC_WARN_UNDECLARED_SELECTOR = YES;
				GCC_WARN_UNINITIALIZED_AUTOS = YES_AGGRESSIVE;
				GCC_WARN_UNUSED_FUNCTION = YES;
				GCC_WARN_UNUSED_VARIABLE = YES;
				IPHONEOS_DEPLOYMENT_TARGET = 8.3;
				MTL_ENABLE_DEBUG_INFO = YES;
				ONLY_ACTIVE_ARCH = YES;
				SDKROOT = iphoneos;
				TARGETED_DEVICE_FAMILY = "1,2";
			};
			name = Debug;
		};
		14FA33E31AD8E30C00A86F59 /* Release */ = {
			isa = XCBuildConfiguration;
			buildSettings = {
				ALWAYS_SEARCH_USER_PATHS = NO;
				CLANG_CXX_LANGUAGE_STANDARD = "gnu++0x";
				CLANG_CXX_LIBRARY = "libc++";
				CLANG_ENABLE_MODULES = YES;
				CLANG_ENABLE_OBJC_ARC = YES;
				CLANG_WARN_BOOL_CONVERSION = YES;
				CLANG_WARN_CONSTANT_CONVERSION = YES;
				CLANG_WARN_DIRECT_OBJC_ISA_USAGE = YES_ERROR;
				CLANG_WARN_EMPTY_BODY = YES;
				CLANG_WARN_ENUM_CONVERSION = YES;
				CLANG_WARN_INT_CONVERSION = YES;
				CLANG_WARN_OBJC_ROOT_CLASS = YES_ERROR;
				CLANG_WARN_UNREACHABLE_CODE = YES;
				CLANG_WARN__DUPLICATE_METHOD_MATCH = YES;
				"CODE_SIGN_IDENTITY[sdk=iphoneos*]" = "iPhone Developer";
				COPY_PHASE_STRIP = NO;
				DEBUG_INFORMATION_FORMAT = "dwarf-with-dsym";
				ENABLE_NS_ASSERTIONS = NO;
				ENABLE_STRICT_OBJC_MSGSEND = YES;
				GCC_C_LANGUAGE_STANDARD = gnu99;
				GCC_NO_COMMON_BLOCKS = YES;
				GCC_WARN_64_TO_32_BIT_CONVERSION = YES;
				GCC_WARN_ABOUT_RETURN_TYPE = YES_ERROR;
				GCC_WARN_UNDECLARED_SELECTOR = YES;
				GCC_WARN_UNINITIALIZED_AUTOS = YES_AGGRESSIVE;
				GCC_WARN_UNUSED_FUNCTION = YES;
				GCC_WARN_UNUSED_VARIABLE = YES;
				IPHONEOS_DEPLOYMENT_TARGET = 8.3;
				MTL_ENABLE_DEBUG_INFO = NO;
				SDKROOT = iphoneos;
				TARGETED_DEVICE_FAMILY = "1,2";
				VALIDATE_PRODUCT = YES;
			};
			name = Release;
		};
		14FA33E51AD8E30C00A86F59 /* Debug */ = {
			isa = XCBuildConfiguration;
			buildSettings = {
				ASSETCATALOG_COMPILER_APPICON_NAME = AppIcon;
				HEADER_SEARCH_PATHS = (
					"$(inherited)",
					/Applications/Xcode.app/Contents/Developer/Toolchains/XcodeDefault.xctoolchain/usr/include,
					"$(SRCROOT)/**",
				);
				INFOPLIST_FILE = FlickrDisplay/Info.plist;
				LD_RUNPATH_SEARCH_PATHS = "$(inherited) @executable_path/Frameworks";
				PRODUCT_NAME = "$(TARGET_NAME)";
			};
			name = Debug;
		};
		14FA33E61AD8E30C00A86F59 /* Release */ = {
			isa = XCBuildConfiguration;
			buildSettings = {
				ASSETCATALOG_COMPILER_APPICON_NAME = AppIcon;
				HEADER_SEARCH_PATHS = (
					"$(inherited)",
					/Applications/Xcode.app/Contents/Developer/Toolchains/XcodeDefault.xctoolchain/usr/include,
					"$(SRCROOT)/**",
				);
				INFOPLIST_FILE = FlickrDisplay/Info.plist;
				LD_RUNPATH_SEARCH_PATHS = "$(inherited) @executable_path/Frameworks";
				PRODUCT_NAME = "$(TARGET_NAME)";
			};
			name = Release;
		};
		14FA33E81AD8E30C00A86F59 /* Debug */ = {
			isa = XCBuildConfiguration;
			buildSettings = {
				BUNDLE_LOADER = "$(TEST_HOST)";
				FRAMEWORK_SEARCH_PATHS = (
					"$(SDKROOT)/Developer/Library/Frameworks",
					"$(inherited)",
				);
				GCC_PREPROCESSOR_DEFINITIONS = (
					"DEBUG=1",
					"$(inherited)",
				);
				INFOPLIST_FILE = FlickrDisplayTests/Info.plist;
				LD_RUNPATH_SEARCH_PATHS = "$(inherited) @executable_path/Frameworks @loader_path/Frameworks";
				PRODUCT_NAME = "$(TARGET_NAME)";
				TEST_HOST = "$(BUILT_PRODUCTS_DIR)/FlickrDisplay.app/FlickrDisplay";
			};
			name = Debug;
		};
		14FA33E91AD8E30C00A86F59 /* Release */ = {
			isa = XCBuildConfiguration;
			buildSettings = {
				BUNDLE_LOADER = "$(TEST_HOST)";
				FRAMEWORK_SEARCH_PATHS = (
					"$(SDKROOT)/Developer/Library/Frameworks",
					"$(inherited)",
				);
				INFOPLIST_FILE = FlickrDisplayTests/Info.plist;
				LD_RUNPATH_SEARCH_PATHS = "$(inherited) @executable_path/Frameworks @loader_path/Frameworks";
				PRODUCT_NAME = "$(TARGET_NAME)";
				TEST_HOST = "$(BUILT_PRODUCTS_DIR)/FlickrDisplay.app/FlickrDisplay";
			};
			name = Release;
		};
/* End XCBuildConfiguration section */

/* Begin XCConfigurationList section */
		14FA33BC1AD8E30C00A86F59 /* Build configuration list for PBXProject "FlickrDisplay" */ = {
			isa = XCConfigurationList;
			buildConfigurations = (
				14FA33E21AD8E30C00A86F59 /* Debug */,
				14FA33E31AD8E30C00A86F59 /* Release */,
			);
			defaultConfigurationIsVisible = 0;
			defaultConfigurationName = Release;
		};
		14FA33E41AD8E30C00A86F59 /* Build configuration list for PBXNativeTarget "FlickrDisplay" */ = {
			isa = XCConfigurationList;
			buildConfigurations = (
				14FA33E51AD8E30C00A86F59 /* Debug */,
				14FA33E61AD8E30C00A86F59 /* Release */,
			);
			defaultConfigurationIsVisible = 0;
			defaultConfigurationName = Release;
		};
		14FA33E71AD8E30C00A86F59 /* Build configuration list for PBXNativeTarget "FlickrDisplayTests" */ = {
			isa = XCConfigurationList;
			buildConfigurations = (
				14FA33E81AD8E30C00A86F59 /* Debug */,
				14FA33E91AD8E30C00A86F59 /* Release */,
			);
			defaultConfigurationIsVisible = 0;
			defaultConfigurationName = Release;
		};
/* End XCConfigurationList section */
	};
	rootObject = 14FA33B91AD8E30C00A86F59 /* Project object */;
}
